
Microsoft Visual Studio Solution File, Format Version 12.00
# Visual Studio Version 16
VisualStudioVersion = 16.0.30907.101
MinimumVisualStudioVersion = 10.0.40219.1
Project("{8BC9CEB8-8B4A-11D0-8D11-00A0C91BC942}") = "nfo", "nfo\nfo.vcxproj", "{6547238E-0EDF-46AE-AC9C-46B20EDE941E}"
EndProject
Global
	GlobalSection(SolutionConfigurationPlatforms) = preSolution
		Debug|Win32 = Debug|Win32
		Debug|x64 = Debug|x64
		Release|Win32 = Release|Win32
		Release|x64 = Release|x64
	EndGlobalSection
	GlobalSection(ProjectConfigurationPlatforms) = postSolution
		{6547238E-0EDF-46AE-AC9C-46B20EDE941E}.Debug|Win32.ActiveCfg = Debug|Win32
		{6547238E-0EDF-46AE-AC9C-46B20EDE941E}.Debug|Win32.Build.0 = Debug|Win32
		{6547238E-0EDF-46AE-AC9C-46B20EDE941E}.Debug|x64.ActiveCfg = Debug|x64
		{6547238E-0EDF-46AE-AC9C-46B20EDE941E}.Debug|x64.Build.0 = Debug|x64
		{6547238E-0EDF-46AE-AC9C-46B20EDE941E}.Release|Win32.ActiveCfg = Release|Win32
		{6547238E-0EDF-46AE-AC9C-46B20EDE941E}.Release|Win32.Build.0 = Release|Win32
		{6547238E-0EDF-46AE-AC9C-46B20EDE941E}.Release|x64.ActiveCfg = Release|x64
		{6547238E-0EDF-46AE-AC9C-46B20EDE941E}.Release|x64.Build.0 = Release|x64
	EndGlobalSection
	GlobalSection(SolutionProperties) = preSolution
		HideSolutionNode = FALSE
	EndGlobalSection
	GlobalSection(ExtensibilityGlobals) = postSolution
		SolutionGuid = {0B2E4DC2-5E56-49DB-ACC4-F2E0532D1F3F}
	EndGlobalSection
EndGlobal
